
Microsoft Visual Studio Solution File, Format Version 12.00
# Visual Studio 15
VisualStudioVersion = 15.0.28010.2048
MinimumVisualStudioVersion = 10.0.40219.1
Project("{FAE04EC0-301F-11D3-BF4B-00C04F79EFBC}") = "JorgeWillianDosSantos_D448307", "JorgeWillianDosSantos_D448307\JorgeWillianDosSantos_D448307.csproj", "{0BD0E889-248D-4126-AE77-A9E7447E7A38}"
EndProject
Project("{FAE04EC0-301F-11D3-BF4B-00C04F79EFBC}") = "Mvc", "Mvc\Mvc.csproj", "{E9FF3A03-2C41-4217-A9E0-25FFC5197621}"
EndProject
Global
	GlobalSection(SolutionConfigurationPlatforms) = preSolution
		Debug|Any CPU = Debug|Any CPU
		Release|Any CPU = Release|Any CPU
	EndGlobalSection
	GlobalSection(ProjectConfigurationPlatforms) = postSolution
		{0BD0E889-248D-4126-AE77-A9E7447E7A38}.Debug|Any CPU.ActiveCfg = Debug|Any CPU
		{0BD0E889-248D-4126-AE77-A9E7447E7A38}.Debug|Any CPU.Build.0 = Debug|Any CPU
		{0BD0E889-248D-4126-AE77-A9E7447E7A38}.Release|Any CPU.ActiveCfg = Release|Any CPU
		{0BD0E889-248D-4126-AE77-A9E7447E7A38}.Release|Any CPU.Build.0 = Release|Any CPU
		{E9FF3A03-2C41-4217-A9E0-25FFC5197621}.Debug|Any CPU.ActiveCfg = Debug|Any CPU
		{E9FF3A03-2C41-4217-A9E0-25FFC5197621}.Debug|Any CPU.Build.0 = Debug|Any CPU
		{E9FF3A03-2C41-4217-A9E0-25FFC5197621}.Release|Any CPU.ActiveCfg = Release|Any CPU
		{E9FF3A03-2C41-4217-A9E0-25FFC5197621}.Release|Any CPU.Build.0 = Release|Any CPU
	EndGlobalSection
	GlobalSection(SolutionProperties) = preSolution
		HideSolutionNode = FALSE
	EndGlobalSection
	GlobalSection(ExtensibilityGlobals) = postSolution
		SolutionGuid = {979A46C2-ACE3-4A18-B2B7-EE0A962C193F}
	EndGlobalSection
EndGlobal
